// !$*UTF8*$!
{
	archiveVersion = 1;
	classes = {
	};
	objectVersion = 50;
	objects = {

/* Begin PBXBuildFile section */
		1E075504236DDEA50057F001 /* ThemeView.swift in Sources */ = {isa = PBXBuildFile; fileRef = 1E075503236DDEA50057F001 /* ThemeView.swift */; };
		1E075506236DE0C00057F001 /* LessonsManager.swift in Sources */ = {isa = PBXBuildFile; fileRef = 1E075505236DE0C00057F001 /* LessonsManager.swift */; };
		1E075508236DE0E30057F001 /* LessonModel.swift in Sources */ = {isa = PBXBuildFile; fileRef = 1E075507236DE0E30057F001 /* LessonModel.swift */; };
		1E07550A236DE7810057F001 /* LessonDetails.swift in Sources */ = {isa = PBXBuildFile; fileRef = 1E075509236DE7810057F001 /* LessonDetails.swift */; };
		1E1174582369FDC300417417 /* AppDelegate.swift in Sources */ = {isa = PBXBuildFile; fileRef = 1E1174572369FDC300417417 /* AppDelegate.swift */; };
		1E11745A2369FDC300417417 /* SceneDelegate.swift in Sources */ = {isa = PBXBuildFile; fileRef = 1E1174592369FDC300417417 /* SceneDelegate.swift */; };
		1E11745E2369FDCA00417417 /* Assets.xcassets in Resources */ = {isa = PBXBuildFile; fileRef = 1E11745D2369FDCA00417417 /* Assets.xcassets */; };
		1E1174612369FDCA00417417 /* Preview Assets.xcassets in Resources */ = {isa = PBXBuildFile; fileRef = 1E1174602369FDCA00417417 /* Preview Assets.xcassets */; };
		1E1174642369FDCA00417417 /* LaunchScreen.storyboard in Resources */ = {isa = PBXBuildFile; fileRef = 1E1174622369FDCA00417417 /* LaunchScreen.storyboard */; };
		1E11746F236A00DB00417417 /* Profile.swift in Sources */ = {isa = PBXBuildFile; fileRef = 1E11746E236A00DB00417417 /* Profile.swift */; };
		1E117471236A02AF00417417 /* Settings.swift in Sources */ = {isa = PBXBuildFile; fileRef = 1E117470236A02AF00417417 /* Settings.swift */; };
		1E117473236A031900417417 /* UserManager.swift in Sources */ = {isa = PBXBuildFile; fileRef = 1E117472236A031900417417 /* UserManager.swift */; };
		1E117475236A087D00417417 /* StarterView.swift in Sources */ = {isa = PBXBuildFile; fileRef = 1E117474236A087D00417417 /* StarterView.swift */; };
		1E117479236A09B300417417 /* KeyboardFollower.swift in Sources */ = {isa = PBXBuildFile; fileRef = 1E117478236A09B300417417 /* KeyboardFollower.swift */; };
		1E11747C236A09F400417417 /* RegisterView.swift in Sources */ = {isa = PBXBuildFile; fileRef = 1E11747B236A09F400417417 /* RegisterView.swift */; };
		1E11747E236A1FC000417417 /* BorderedViewModifier.swift in Sources */ = {isa = PBXBuildFile; fileRef = 1E11747D236A1FC000417417 /* BorderedViewModifier.swift */; };
		1E4BFF88236F004900293A2B /* StatisticView.swift in Sources */ = {isa = PBXBuildFile; fileRef = 1E4BFF87236F004900293A2B /* StatisticView.swift */; };
		1E4BFF8A236F051F00293A2B /* Statistics.swift in Sources */ = {isa = PBXBuildFile; fileRef = 1E4BFF89236F051E00293A2B /* Statistics.swift */; };
		1E4BFF8C236F2ED700293A2B /* ChartView.swift in Sources */ = {isa = PBXBuildFile; fileRef = 1E4BFF8B236F2ED600293A2B /* ChartView.swift */; };
		1E85E1EB236B44FD003504E1 /* LoginView.swift in Sources */ = {isa = PBXBuildFile; fileRef = 1E85E1EA236B44FD003504E1 /* LoginView.swift */; };
		1E85E1ED236B4FE6003504E1 /* HomeView.swift in Sources */ = {isa = PBXBuildFile; fileRef = 1E85E1EC236B4FE6003504E1 /* HomeView.swift */; };
		1EE35AE4236D9E5900BAA42E /* BookView.swift in Sources */ = {isa = PBXBuildFile; fileRef = 1EE35AE3236D9E5800BAA42E /* BookView.swift */; };
		1EE35AE6236D9EC500BAA42E /* ThemeButtonView.swift in Sources */ = {isa = PBXBuildFile; fileRef = 1EE35AE5236D9EC400BAA42E /* ThemeButtonView.swift */; };
/* End PBXBuildFile section */

/* Begin PBXFileReference section */
		1E075503236DDEA50057F001 /* ThemeView.swift */ = {isa = PBXFileReference; lastKnownFileType = sourcecode.swift; path = ThemeView.swift; sourceTree = "<group>"; };
		1E075505236DE0C00057F001 /* LessonsManager.swift */ = {isa = PBXFileReference; lastKnownFileType = sourcecode.swift; path = LessonsManager.swift; sourceTree = "<group>"; };
		1E075507236DE0E30057F001 /* LessonModel.swift */ = {isa = PBXFileReference; lastKnownFileType = sourcecode.swift; path = LessonModel.swift; sourceTree = "<group>"; };
		1E075509236DE7810057F001 /* LessonDetails.swift */ = {isa = PBXFileReference; lastKnownFileType = sourcecode.swift; path = LessonDetails.swift; sourceTree = "<group>"; };
		1E07550B236E0A7C0057F001 /* CSTutor.entitlements */ = {isa = PBXFileReference; lastKnownFileType = text.plist.entitlements; path = CSTutor.entitlements; sourceTree = "<group>"; };
		1E1174542369FDC300417417 /* CSTutor.app */ = {isa = PBXFileReference; explicitFileType = wrapper.application; includeInIndex = 0; path = CSTutor.app; sourceTree = BUILT_PRODUCTS_DIR; };
		1E1174572369FDC300417417 /* AppDelegate.swift */ = {isa = PBXFileReference; lastKnownFileType = sourcecode.swift; path = AppDelegate.swift; sourceTree = "<group>"; };
		1E1174592369FDC300417417 /* SceneDelegate.swift */ = {isa = PBXFileReference; lastKnownFileType = sourcecode.swift; path = SceneDelegate.swift; sourceTree = "<group>"; };
		1E11745D2369FDCA00417417 /* Assets.xcassets */ = {isa = PBXFileReference; lastKnownFileType = folder.assetcatalog; path = Assets.xcassets; sourceTree = "<group>"; };
		1E1174602369FDCA00417417 /* Preview Assets.xcassets */ = {isa = PBXFileReference; lastKnownFileType = folder.assetcatalog; path = "Preview Assets.xcassets"; sourceTree = "<group>"; };
		1E1174632369FDCA00417417 /* Base */ = {isa = PBXFileReference; lastKnownFileType = file.storyboard; name = Base; path = Base.lproj/LaunchScreen.storyboard; sourceTree = "<group>"; };
		1E1174652369FDCA00417417 /* Info.plist */ = {isa = PBXFileReference; lastKnownFileType = text.plist.xml; path = Info.plist; sourceTree = "<group>"; };
		1E11746E236A00DB00417417 /* Profile.swift */ = {isa = PBXFileReference; lastKnownFileType = sourcecode.swift; path = Profile.swift; sourceTree = "<group>"; };
		1E117470236A02AF00417417 /* Settings.swift */ = {isa = PBXFileReference; lastKnownFileType = sourcecode.swift; path = Settings.swift; sourceTree = "<group>"; };
		1E117472236A031900417417 /* UserManager.swift */ = {isa = PBXFileReference; lastKnownFileType = sourcecode.swift; path = UserManager.swift; sourceTree = "<group>"; };
		1E117474236A087D00417417 /* StarterView.swift */ = {isa = PBXFileReference; lastKnownFileType = sourcecode.swift; path = StarterView.swift; sourceTree = "<group>"; };
		1E117478236A09B300417417 /* KeyboardFollower.swift */ = {isa = PBXFileReference; lastKnownFileType = sourcecode.swift; path = KeyboardFollower.swift; sourceTree = "<group>"; };
		1E11747B236A09F400417417 /* RegisterView.swift */ = {isa = PBXFileReference; lastKnownFileType = sourcecode.swift; path = RegisterView.swift; sourceTree = "<group>"; };
		1E11747D236A1FC000417417 /* BorderedViewModifier.swift */ = {isa = PBXFileReference; lastKnownFileType = sourcecode.swift; path = BorderedViewModifier.swift; sourceTree = "<group>"; };
		1E4BFF87236F004900293A2B /* StatisticView.swift */ = {isa = PBXFileReference; lastKnownFileType = sourcecode.swift; path = StatisticView.swift; sourceTree = "<group>"; };
		1E4BFF89236F051E00293A2B /* Statistics.swift */ = {isa = PBXFileReference; lastKnownFileType = sourcecode.swift; path = Statistics.swift; sourceTree = "<group>"; };
		1E4BFF8B236F2ED600293A2B /* ChartView.swift */ = {isa = PBXFileReference; lastKnownFileType = sourcecode.swift; path = ChartView.swift; sourceTree = "<group>"; };
		1E85E1EA236B44FD003504E1 /* LoginView.swift */ = {isa = PBXFileReference; lastKnownFileType = sourcecode.swift; path = LoginView.swift; sourceTree = "<group>"; };
		1E85E1EC236B4FE6003504E1 /* HomeView.swift */ = {isa = PBXFileReference; lastKnownFileType = sourcecode.swift; path = HomeView.swift; sourceTree = "<group>"; };
		1EE35AE3236D9E5800BAA42E /* BookView.swift */ = {isa = PBXFileReference; lastKnownFileType = sourcecode.swift; path = BookView.swift; sourceTree = "<group>"; };
		1EE35AE5236D9EC400BAA42E /* ThemeButtonView.swift */ = {isa = PBXFileReference; lastKnownFileType = sourcecode.swift; path = ThemeButtonView.swift; sourceTree = "<group>"; };
/* End PBXFileReference section */

/* Begin PBXFrameworksBuildPhase section */
		1E1174512369FDC300417417 /* Frameworks */ = {
			isa = PBXFrameworksBuildPhase;
			buildActionMask = 2147483647;
			files = (
			);
			runOnlyForDeploymentPostprocessing = 0;
		};
/* End PBXFrameworksBuildPhase section */

/* Begin PBXGroup section */
		1E11744B2369FDC300417417 = {
			isa = PBXGroup;
			children = (
				1E1174562369FDC300417417 /* CSTutor */,
				1E1174552369FDC300417417 /* Products */,
			);
			sourceTree = "<group>";
		};
		1E1174552369FDC300417417 /* Products */ = {
			isa = PBXGroup;
			children = (
				1E1174542369FDC300417417 /* CSTutor.app */,
			);
			name = Products;
			sourceTree = "<group>";
		};
		1E1174562369FDC300417417 /* CSTutor */ = {
			isa = PBXGroup;
			children = (
				1E07550B236E0A7C0057F001 /* CSTutor.entitlements */,
				1EE35AE5236D9EC400BAA42E /* ThemeButtonView.swift */,
				1EE35AE3236D9E5800BAA42E /* BookView.swift */,
				1E11746E236A00DB00417417 /* Profile.swift */,
				1E117470236A02AF00417417 /* Settings.swift */,
				1E4BFF89236F051E00293A2B /* Statistics.swift */,
				1E117472236A031900417417 /* UserManager.swift */,
				1E85E1E9236B44AC003504E1 /* Utilitls */,
				1E11747A236A09D600417417 /* Welcome */,
				1E1174572369FDC300417417 /* AppDelegate.swift */,
				1E1174592369FDC300417417 /* SceneDelegate.swift */,
				1E11745D2369FDCA00417417 /* Assets.xcassets */,
				1E1174622369FDCA00417417 /* LaunchScreen.storyboard */,
				1E1174652369FDCA00417417 /* Info.plist */,
				1E11745F2369FDCA00417417 /* Preview Content */,
				1E117474236A087D00417417 /* StarterView.swift */,
				1E85E1EC236B4FE6003504E1 /* HomeView.swift */,
				1E075503236DDEA50057F001 /* ThemeView.swift */,
				1E075505236DE0C00057F001 /* LessonsManager.swift */,
				1E075507236DE0E30057F001 /* LessonModel.swift */,
				1E075509236DE7810057F001 /* LessonDetails.swift */,
				1E4BFF87236F004900293A2B /* StatisticView.swift */,
				1E4BFF8B236F2ED600293A2B /* ChartView.swift */,
			);
			path = CSTutor;
			sourceTree = "<group>";
		};
		1E11745F2369FDCA00417417 /* Preview Content */ = {
			isa = PBXGroup;
			children = (
				1E1174602369FDCA00417417 /* Preview Assets.xcassets */,
			);
			path = "Preview Content";
			sourceTree = "<group>";
		};
		1E11747A236A09D600417417 /* Welcome */ = {
			isa = PBXGroup;
			children = (
				1E11747B236A09F400417417 /* RegisterView.swift */,
				1E85E1EA236B44FD003504E1 /* LoginView.swift */,
			);
			path = Welcome;
			sourceTree = "<group>";
		};
		1E85E1E9236B44AC003504E1 /* Utilitls */ = {
			isa = PBXGroup;
			children = (
				1E117478236A09B300417417 /* KeyboardFollower.swift */,
				1E11747D236A1FC000417417 /* BorderedViewModifier.swift */,
			);
			path = Utilitls;
			sourceTree = "<group>";
		};
/* End PBXGroup section */

/* Begin PBXNativeTarget section */
		1E1174532369FDC300417417 /* CSTutor */ = {
			isa = PBXNativeTarget;
			buildConfigurationList = 1E1174682369FDCA00417417 /* Build configuration list for PBXNativeTarget "CSTutor" */;
			buildPhases = (
				1E1174502369FDC300417417 /* Sources */,
				1E1174512369FDC300417417 /* Frameworks */,
				1E1174522369FDC300417417 /* Resources */,
			);
			buildRules = (
			);
			dependencies = (
			);
			name = CSTutor;
			productName = CSTutor;
			productReference = 1E1174542369FDC300417417 /* CSTutor.app */;
			productType = "com.apple.product-type.application";
		};
/* End PBXNativeTarget section */

/* Begin PBXProject section */
		1E11744C2369FDC300417417 /* Project object */ = {
			isa = PBXProject;
			attributes = {
				LastSwiftUpdateCheck = 1100;
				LastUpgradeCheck = 1100;
				ORGANIZATIONNAME = "Даниил Палеев";
				TargetAttributes = {
					1E1174532369FDC300417417 = {
						CreatedOnToolsVersion = 11.0;
					};
				};
			};
			buildConfigurationList = 1E11744F2369FDC300417417 /* Build configuration list for PBXProject "CSTutor" */;
			compatibilityVersion = "Xcode 9.3";
			developmentRegion = en;
			hasScannedForEncodings = 0;
			knownRegions = (
				en,
				Base,
			);
			mainGroup = 1E11744B2369FDC300417417;
			productRefGroup = 1E1174552369FDC300417417 /* Products */;
			projectDirPath = "";
			projectRoot = "";
			targets = (
				1E1174532369FDC300417417 /* CSTutor */,
			);
		};
/* End PBXProject section */

/* Begin PBXResourcesBuildPhase section */
		1E1174522369FDC300417417 /* Resources */ = {
			isa = PBXResourcesBuildPhase;
			buildActionMask = 2147483647;
			files = (
				1E1174642369FDCA00417417 /* LaunchScreen.storyboard in Resources */,
				1E1174612369FDCA00417417 /* Preview Assets.xcassets in Resources */,
				1E11745E2369FDCA00417417 /* Assets.xcassets in Resources */,
			);
			runOnlyForDeploymentPostprocessing = 0;
		};
/* End PBXResourcesBuildPhase section */

/* Begin PBXSourcesBuildPhase section */
		1E1174502369FDC300417417 /* Sources */ = {
			isa = PBXSourcesBuildPhase;
			buildActionMask = 2147483647;
			files = (
				1E117473236A031900417417 /* UserManager.swift in Sources */,
				1E075508236DE0E30057F001 /* LessonModel.swift in Sources */,
				1E1174582369FDC300417417 /* AppDelegate.swift in Sources */,
				1E4BFF8C236F2ED700293A2B /* ChartView.swift in Sources */,
				1E117475236A087D00417417 /* StarterView.swift in Sources */,
				1E07550A236DE7810057F001 /* LessonDetails.swift in Sources */,
				1EE35AE4236D9E5900BAA42E /* BookView.swift in Sources */,
				1E11746F236A00DB00417417 /* Profile.swift in Sources */,
				1E4BFF8A236F051F00293A2B /* Statistics.swift in Sources */,
				1E4BFF88236F004900293A2B /* StatisticView.swift in Sources */,
				1E117479236A09B300417417 /* KeyboardFollower.swift in Sources */,
				1EE35AE6236D9EC500BAA42E /* ThemeButtonView.swift in Sources */,
				1E85E1ED236B4FE6003504E1 /* HomeView.swift in Sources */,
				1E075504236DDEA50057F001 /* ThemeView.swift in Sources */,
				1E075506236DE0C00057F001 /* LessonsManager.swift in Sources */,
				1E11747E236A1FC000417417 /* BorderedViewModifier.swift in Sources */,
				1E11747C236A09F400417417 /* RegisterView.swift in Sources */,
				1E11745A2369FDC300417417 /* SceneDelegate.swift in Sources */,
				1E85E1EB236B44FD003504E1 /* LoginView.swift in Sources */,
				1E117471236A02AF00417417 /* Settings.swift in Sources */,
			);
			runOnlyForDeploymentPostprocessing = 0;
		};
/* End PBXSourcesBuildPhase section */

/* Begin PBXVariantGroup section */
		1E1174622369FDCA00417417 /* LaunchScreen.storyboard */ = {
			isa = PBXVariantGroup;
			children = (
				1E1174632369FDCA00417417 /* Base */,
			);
			name = LaunchScreen.storyboard;
			sourceTree = "<group>";
		};
/* End PBXVariantGroup section */

/* Begin XCBuildConfiguration section */
		1E1174662369FDCA00417417 /* Debug */ = {
			isa = XCBuildConfiguration;
			buildSettings = {
				ALWAYS_SEARCH_USER_PATHS = NO;
				CLANG_ANALYZER_NONNULL = YES;
				CLANG_ANALYZER_NUMBER_OBJECT_CONVERSION = YES_AGGRESSIVE;
				CLANG_CXX_LANGUAGE_STANDARD = "gnu++14";
				CLANG_CXX_LIBRARY = "libc++";
				CLANG_ENABLE_MODULES = YES;
				CLANG_ENABLE_OBJC_ARC = YES;
				CLANG_ENABLE_OBJC_WEAK = YES;
				CLANG_WARN_BLOCK_CAPTURE_AUTORELEASING = YES;
				CLANG_WARN_BOOL_CONVERSION = YES;
				CLANG_WARN_COMMA = YES;
				CLANG_WARN_CONSTANT_CONVERSION = YES;
				CLANG_WARN_DEPRECATED_OBJC_IMPLEMENTATIONS = YES;
				CLANG_WARN_DIRECT_OBJC_ISA_USAGE = YES_ERROR;
				CLANG_WARN_DOCUMENTATION_COMMENTS = YES;
				CLANG_WARN_EMPTY_BODY = YES;
				CLANG_WARN_ENUM_CONVERSION = YES;
				CLANG_WARN_INFINITE_RECURSION = YES;
				CLANG_WARN_INT_CONVERSION = YES;
				CLANG_WARN_NON_LITERAL_NULL_CONVERSION = YES;
				CLANG_WARN_OBJC_IMPLICIT_RETAIN_SELF = YES;
				CLANG_WARN_OBJC_LITERAL_CONVERSION = YES;
				CLANG_WARN_OBJC_ROOT_CLASS = YES_ERROR;
				CLANG_WARN_RANGE_LOOP_ANALYSIS = YES;
				CLANG_WARN_STRICT_PROTOTYPES = YES;
				CLANG_WARN_SUSPICIOUS_MOVE = YES;
				CLANG_WARN_UNGUARDED_AVAILABILITY = YES_AGGRESSIVE;
				CLANG_WARN_UNREACHABLE_CODE = YES;
				CLANG_WARN__DUPLICATE_METHOD_MATCH = YES;
				COPY_PHASE_STRIP = NO;
				DEBUG_INFORMATION_FORMAT = dwarf;
				ENABLE_STRICT_OBJC_MSGSEND = YES;
				ENABLE_TESTABILITY = YES;
				GCC_C_LANGUAGE_STANDARD = gnu11;
				GCC_DYNAMIC_NO_PIC = NO;
				GCC_NO_COMMON_BLOCKS = YES;
				GCC_OPTIMIZATION_LEVEL = 0;
				GCC_PREPROCESSOR_DEFINITIONS = (
					"DEBUG=1",
					"$(inherited)",
				);
				GCC_WARN_64_TO_32_BIT_CONVERSION = YES;
				GCC_WARN_ABOUT_RETURN_TYPE = YES_ERROR;
				GCC_WARN_UNDECLARED_SELECTOR = YES;
				GCC_WARN_UNINITIALIZED_AUTOS = YES_AGGRESSIVE;
				GCC_WARN_UNUSED_FUNCTION = YES;
				GCC_WARN_UNUSED_VARIABLE = YES;
				IPHONEOS_DEPLOYMENT_TARGET = 13.0;
				MTL_ENABLE_DEBUG_INFO = INCLUDE_SOURCE;
				MTL_FAST_MATH = YES;
				ONLY_ACTIVE_ARCH = YES;
				SDKROOT = iphoneos;
				SWIFT_ACTIVE_COMPILATION_CONDITIONS = DEBUG;
				SWIFT_OPTIMIZATION_LEVEL = "-Onone";
			};
			name = Debug;
		};
		1E1174672369FDCA00417417 /* Release */ = {
			isa = XCBuildConfiguration;
			buildSettings = {
				ALWAYS_SEARCH_USER_PATHS = NO;
				CLANG_ANALYZER_NONNULL = YES;
				CLANG_ANALYZER_NUMBER_OBJECT_CONVERSION = YES_AGGRESSIVE;
				CLANG_CXX_LANGUAGE_STANDARD = "gnu++14";
				CLANG_CXX_LIBRARY = "libc++";
				CLANG_ENABLE_MODULES = YES;
				CLANG_ENABLE_OBJC_ARC = YES;
				CLANG_ENABLE_OBJC_WEAK = YES;
				CLANG_WARN_BLOCK_CAPTURE_AUTORELEASING = YES;
				CLANG_WARN_BOOL_CONVERSION = YES;
				CLANG_WARN_COMMA = YES;
				CLANG_WARN_CONSTANT_CONVERSION = YES;
				CLANG_WARN_DEPRECATED_OBJC_IMPLEMENTATIONS = YES;
				CLANG_WARN_DIRECT_OBJC_ISA_USAGE = YES_ERROR;
				CLANG_WARN_DOCUMENTATION_COMMENTS = YES;
				CLANG_WARN_EMPTY_BODY = YES;
				CLANG_WARN_ENUM_CONVERSION = YES;
				CLANG_WARN_INFINITE_RECURSION = YES;
				CLANG_WARN_INT_CONVERSION = YES;
				CLANG_WARN_NON_LITERAL_NULL_CONVERSION = YES;
				CLANG_WARN_OBJC_IMPLICIT_RETAIN_SELF = YES;
				CLANG_WARN_OBJC_LITERAL_CONVERSION = YES;
				CLANG_WARN_OBJC_ROOT_CLASS = YES_ERROR;
				CLANG_WARN_RANGE_LOOP_ANALYSIS = YES;
				CLANG_WARN_STRICT_PROTOTYPES = YES;
				CLANG_WARN_SUSPICIOUS_MOVE = YES;
				CLANG_WARN_UNGUARDED_AVAILABILITY = YES_AGGRESSIVE;
				CLANG_WARN_UNREACHABLE_CODE = YES;
				CLANG_WARN__DUPLICATE_METHOD_MATCH = YES;
				COPY_PHASE_STRIP = NO;
				DEBUG_INFORMATION_FORMAT = "dwarf-with-dsym";
				ENABLE_NS_ASSERTIONS = NO;
				ENABLE_STRICT_OBJC_MSGSEND = YES;
				GCC_C_LANGUAGE_STANDARD = gnu11;
				GCC_NO_COMMON_BLOCKS = YES;
				GCC_WARN_64_TO_32_BIT_CONVERSION = YES;
				GCC_WARN_ABOUT_RETURN_TYPE = YES_ERROR;
				GCC_WARN_UNDECLARED_SELECTOR = YES;
				GCC_WARN_UNINITIALIZED_AUTOS = YES_AGGRESSIVE;
				GCC_WARN_UNUSED_FUNCTION = YES;
				GCC_WARN_UNUSED_VARIABLE = YES;
				IPHONEOS_DEPLOYMENT_TARGET = 13.0;
				MTL_ENABLE_DEBUG_INFO = NO;
				MTL_FAST_MATH = YES;
				SDKROOT = iphoneos;
				SWIFT_COMPILATION_MODE = wholemodule;
				SWIFT_OPTIMIZATION_LEVEL = "-O";
				VALIDATE_PRODUCT = YES;
			};
			name = Release;
		};
		1E1174692369FDCA00417417 /* Debug */ = {
			isa = XCBuildConfiguration;
			buildSettings = {
				ASSETCATALOG_COMPILER_APPICON_NAME = AppIcon;
				CODE_SIGN_ENTITLEMENTS = CSTutor/CSTutor.entitlements;
				CODE_SIGN_STYLE = Automatic;
				DERIVE_MACCATALYST_PRODUCT_BUNDLE_IDENTIFIER = YES;
				DEVELOPMENT_ASSET_PATHS = "\"CSTutor/Preview Content\"";
				DEVELOPMENT_TEAM = 29QYQ2ZZ4L;
				ENABLE_PREVIEWS = YES;
				INFOPLIST_FILE = CSTutor/Info.plist;
				LD_RUNPATH_SEARCH_PATHS = (
					"$(inherited)",
					"@executable_path/Frameworks",
				);
				PRODUCT_BUNDLE_IDENTIFIER = dannyap74.CSTutor;
				PRODUCT_NAME = "$(TARGET_NAME)";
				SUPPORTS_MACCATALYST = YES;
				SWIFT_VERSION = 5.0;
				TARGETED_DEVICE_FAMILY = "1,2";
			};
			name = Debug;
		};
		1E11746A2369FDCA00417417 /* Release */ = {
			isa = XCBuildConfiguration;
			buildSettings = {
				ASSETCATALOG_COMPILER_APPICON_NAME = AppIcon;
				CODE_SIGN_ENTITLEMENTS = CSTutor/CSTutor.entitlements;
				CODE_SIGN_STYLE = Automatic;
				DERIVE_MACCATALYST_PRODUCT_BUNDLE_IDENTIFIER = YES;
				DEVELOPMENT_ASSET_PATHS = "\"CSTutor/Preview Content\"";
				DEVELOPMENT_TEAM = 29QYQ2ZZ4L;
				ENABLE_PREVIEWS = YES;
				INFOPLIST_FILE = CSTutor/Info.plist;
				LD_RUNPATH_SEARCH_PATHS = (
					"$(inherited)",
					"@executable_path/Frameworks",
				);
				PRODUCT_BUNDLE_IDENTIFIER = dannyap74.CSTutor;
				PRODUCT_NAME = "$(TARGET_NAME)";
				SUPPORTS_MACCATALYST = YES;
				SWIFT_VERSION = 5.0;
				TARGETED_DEVICE_FAMILY = "1,2";
			};
			name = Release;
		};
/* End XCBuildConfiguration section */

/* Begin XCConfigurationList section */
		1E11744F2369FDC300417417 /* Build configuration list for PBXProject "CSTutor" */ = {
			isa = XCConfigurationList;
			buildConfigurations = (
				1E1174662369FDCA00417417 /* Debug */,
				1E1174672369FDCA00417417 /* Release */,
			);
			defaultConfigurationIsVisible = 0;
			defaultConfigurationName = Release;
		};
		1E1174682369FDCA00417417 /* Build configuration list for PBXNativeTarget "CSTutor" */ = {
			isa = XCConfigurationList;
			buildConfigurations = (
				1E1174692369FDCA00417417 /* Debug */,
				1E11746A2369FDCA00417417 /* Release */,
			);
			defaultConfigurationIsVisible = 0;
			defaultConfigurationName = Release;
		};
/* End XCConfigurationList section */
	};
	rootObject = 1E11744C2369FDC300417417 /* Project object */;
}
